
Microsoft Visual Studio Solution File, Format Version 12.00
# Visual Studio Version 17
VisualStudioVersion = 17.1.32407.343
MinimumVisualStudioVersion = 10.0.40219.1
Project("{FAE04EC0-301F-11D3-BF4B-00C04F79EFBC}") = "Bioskop", "Bioskop\Bioskop.csproj", "{F25C15AD-F99D-4AD3-988A-D6ECAC11270A}"
EndProject
Global
	GlobalSection(SolutionConfigurationPlatforms) = preSolution
		Debug|Any CPU = Debug|Any CPU
		Release|Any CPU = Release|Any CPU
	EndGlobalSection
	GlobalSection(ProjectConfigurationPlatforms) = postSolution
		{F25C15AD-F99D-4AD3-988A-D6ECAC11270A}.Debug|Any CPU.ActiveCfg = Debug|Any CPU
		{F25C15AD-F99D-4AD3-988A-D6ECAC11270A}.Debug|Any CPU.Build.0 = Debug|Any CPU
		{F25C15AD-F99D-4AD3-988A-D6ECAC11270A}.Release|Any CPU.ActiveCfg = Release|Any CPU
		{F25C15AD-F99D-4AD3-988A-D6ECAC11270A}.Release|Any CPU.Build.0 = Release|Any CPU
	EndGlobalSection
	GlobalSection(SolutionProperties) = preSolution
		HideSolutionNode = FALSE
	EndGlobalSection
	GlobalSection(ExtensibilityGlobals) = postSolution
		SolutionGuid = {15B0E4C5-4EAC-4AB1-91A8-5D6266894E10}
	EndGlobalSection
EndGlobal
